
Microsoft Visual Studio Solution File, Format Version 12.00
# Visual Studio Version 17
VisualStudioVersion = 17.10.35013.160
MinimumVisualStudioVersion = 10.0.40219.1
Project("{8BC9CEB8-8B4A-11D0-8D11-00A0C91BC942}") = "24_812_01", "24_812_01\24_812_01.vcxproj", "{3F42F219-7BDF-4406-9AF3-62E7FCEFAF09}"
EndProject
Global
	GlobalSection(SolutionConfigurationPlatforms) = preSolution
		Debug|x64 = Debug|x64
		Debug|x86 = Debug|x86
		Release|x64 = Release|x64
		Release|x86 = Release|x86
	EndGlobalSection
	GlobalSection(ProjectConfigurationPlatforms) = postSolution
		{3F42F219-7BDF-4406-9AF3-62E7FCEFAF09}.Debug|x64.ActiveCfg = Debug|x64
		{3F42F219-7BDF-4406-9AF3-62E7FCEFAF09}.Debug|x64.Build.0 = Debug|x64
		{3F42F219-7BDF-4406-9AF3-62E7FCEFAF09}.Debug|x86.ActiveCfg = Debug|Win32
		{3F42F219-7BDF-4406-9AF3-62E7FCEFAF09}.Debug|x86.Build.0 = Debug|Win32
		{3F42F219-7BDF-4406-9AF3-62E7FCEFAF09}.Release|x64.ActiveCfg = Release|x64
		{3F42F219-7BDF-4406-9AF3-62E7FCEFAF09}.Release|x64.Build.0 = Release|x64
		{3F42F219-7BDF-4406-9AF3-62E7FCEFAF09}.Release|x86.ActiveCfg = Release|Win32
		{3F42F219-7BDF-4406-9AF3-62E7FCEFAF09}.Release|x86.Build.0 = Release|Win32
	EndGlobalSection
	GlobalSection(SolutionProperties) = preSolution
		HideSolutionNode = FALSE
	EndGlobalSection
	GlobalSection(ExtensibilityGlobals) = postSolution
		SolutionGuid = {A3061CE5-AFA7-4BE4-8B4C-F8D95DE21A4E}
	EndGlobalSection
EndGlobal
