
Microsoft Visual Studio Solution File, Format Version 12.00
# Visual Studio Version 17
VisualStudioVersion = 17.10.35013.160
MinimumVisualStudioVersion = 10.0.40219.1
Project("{8BC9CEB8-8B4A-11D0-8D11-00A0C91BC942}") = "24_804_01", "24_804_01\24_804_01.vcxproj", "{F71FCA30-3A19-4A50-A32E-5EC77801B93F}"
EndProject
Global
	GlobalSection(SolutionConfigurationPlatforms) = preSolution
		Debug|x64 = Debug|x64
		Debug|x86 = Debug|x86
		Release|x64 = Release|x64
		Release|x86 = Release|x86
	EndGlobalSection
	GlobalSection(ProjectConfigurationPlatforms) = postSolution
		{F71FCA30-3A19-4A50-A32E-5EC77801B93F}.Debug|x64.ActiveCfg = Debug|x64
		{F71FCA30-3A19-4A50-A32E-5EC77801B93F}.Debug|x64.Build.0 = Debug|x64
		{F71FCA30-3A19-4A50-A32E-5EC77801B93F}.Debug|x86.ActiveCfg = Debug|Win32
		{F71FCA30-3A19-4A50-A32E-5EC77801B93F}.Debug|x86.Build.0 = Debug|Win32
		{F71FCA30-3A19-4A50-A32E-5EC77801B93F}.Release|x64.ActiveCfg = Release|x64
		{F71FCA30-3A19-4A50-A32E-5EC77801B93F}.Release|x64.Build.0 = Release|x64
		{F71FCA30-3A19-4A50-A32E-5EC77801B93F}.Release|x86.ActiveCfg = Release|Win32
		{F71FCA30-3A19-4A50-A32E-5EC77801B93F}.Release|x86.Build.0 = Release|Win32
	EndGlobalSection
	GlobalSection(SolutionProperties) = preSolution
		HideSolutionNode = FALSE
	EndGlobalSection
	GlobalSection(ExtensibilityGlobals) = postSolution
		SolutionGuid = {72669794-00BD-42FE-AF7F-7C3A87371D2C}
	EndGlobalSection
EndGlobal
