
Microsoft Visual Studio Solution File, Format Version 12.00
# Visual Studio Version 17
VisualStudioVersion = 17.10.35013.160
MinimumVisualStudioVersion = 10.0.40219.1
Project("{8BC9CEB8-8B4A-11D0-8D11-00A0C91BC942}") = "24_810_09", "24_810_09\24_810_09.vcxproj", "{FC199422-CD1B-4B3F-9AE0-91224D27F3EF}"
EndProject
Global
	GlobalSection(SolutionConfigurationPlatforms) = preSolution
		Debug|x64 = Debug|x64
		Debug|x86 = Debug|x86
		Release|x64 = Release|x64
		Release|x86 = Release|x86
	EndGlobalSection
	GlobalSection(ProjectConfigurationPlatforms) = postSolution
		{FC199422-CD1B-4B3F-9AE0-91224D27F3EF}.Debug|x64.ActiveCfg = Debug|x64
		{FC199422-CD1B-4B3F-9AE0-91224D27F3EF}.Debug|x64.Build.0 = Debug|x64
		{FC199422-CD1B-4B3F-9AE0-91224D27F3EF}.Debug|x86.ActiveCfg = Debug|Win32
		{FC199422-CD1B-4B3F-9AE0-91224D27F3EF}.Debug|x86.Build.0 = Debug|Win32
		{FC199422-CD1B-4B3F-9AE0-91224D27F3EF}.Release|x64.ActiveCfg = Release|x64
		{FC199422-CD1B-4B3F-9AE0-91224D27F3EF}.Release|x64.Build.0 = Release|x64
		{FC199422-CD1B-4B3F-9AE0-91224D27F3EF}.Release|x86.ActiveCfg = Release|Win32
		{FC199422-CD1B-4B3F-9AE0-91224D27F3EF}.Release|x86.Build.0 = Release|Win32
	EndGlobalSection
	GlobalSection(SolutionProperties) = preSolution
		HideSolutionNode = FALSE
	EndGlobalSection
	GlobalSection(ExtensibilityGlobals) = postSolution
		SolutionGuid = {96B6265D-B292-4422-A669-6A9F59661C3E}
	EndGlobalSection
EndGlobal
