
Microsoft Visual Studio Solution File, Format Version 12.00
# Visual Studio Version 17
VisualStudioVersion = 17.10.35013.160
MinimumVisualStudioVersion = 10.0.40219.1
Project("{8BC9CEB8-8B4A-11D0-8D11-00A0C91BC942}") = "24_806_13", "24_806_13\24_806_13.vcxproj", "{D10A804F-5A2C-4F13-B604-63C8029BBEA5}"
EndProject
Global
	GlobalSection(SolutionConfigurationPlatforms) = preSolution
		Debug|x64 = Debug|x64
		Debug|x86 = Debug|x86
		Release|x64 = Release|x64
		Release|x86 = Release|x86
	EndGlobalSection
	GlobalSection(ProjectConfigurationPlatforms) = postSolution
		{D10A804F-5A2C-4F13-B604-63C8029BBEA5}.Debug|x64.ActiveCfg = Debug|x64
		{D10A804F-5A2C-4F13-B604-63C8029BBEA5}.Debug|x64.Build.0 = Debug|x64
		{D10A804F-5A2C-4F13-B604-63C8029BBEA5}.Debug|x86.ActiveCfg = Debug|Win32
		{D10A804F-5A2C-4F13-B604-63C8029BBEA5}.Debug|x86.Build.0 = Debug|Win32
		{D10A804F-5A2C-4F13-B604-63C8029BBEA5}.Release|x64.ActiveCfg = Release|x64
		{D10A804F-5A2C-4F13-B604-63C8029BBEA5}.Release|x64.Build.0 = Release|x64
		{D10A804F-5A2C-4F13-B604-63C8029BBEA5}.Release|x86.ActiveCfg = Release|Win32
		{D10A804F-5A2C-4F13-B604-63C8029BBEA5}.Release|x86.Build.0 = Release|Win32
	EndGlobalSection
	GlobalSection(SolutionProperties) = preSolution
		HideSolutionNode = FALSE
	EndGlobalSection
	GlobalSection(ExtensibilityGlobals) = postSolution
		SolutionGuid = {6B919077-AE0E-4088-A051-7DA47845FAF5}
	EndGlobalSection
EndGlobal
